
Microsoft Visual Studio Solution File, Format Version 12.00
# Visual Studio Version 16
VisualStudioVersion = 16.0.29709.97
MinimumVisualStudioVersion = 10.0.40219.1
Project("{FAE04EC0-301F-11D3-BF4B-00C04F79EFBC}") = "EsSQLJoin06", "EsSQLJoin06\EsSQLJoin06.csproj", "{4BBC69CC-E7DF-4059-9FD6-C59D392FDA6D}"
EndProject
Global
	GlobalSection(SolutionConfigurationPlatforms) = preSolution
		Debug|Any CPU = Debug|Any CPU
		Release|Any CPU = Release|Any CPU
	EndGlobalSection
	GlobalSection(ProjectConfigurationPlatforms) = postSolution
		{4BBC69CC-E7DF-4059-9FD6-C59D392FDA6D}.Debug|Any CPU.ActiveCfg = Debug|Any CPU
		{4BBC69CC-E7DF-4059-9FD6-C59D392FDA6D}.Debug|Any CPU.Build.0 = Debug|Any CPU
		{4BBC69CC-E7DF-4059-9FD6-C59D392FDA6D}.Release|Any CPU.ActiveCfg = Release|Any CPU
		{4BBC69CC-E7DF-4059-9FD6-C59D392FDA6D}.Release|Any CPU.Build.0 = Release|Any CPU
	EndGlobalSection
	GlobalSection(SolutionProperties) = preSolution
		HideSolutionNode = FALSE
	EndGlobalSection
	GlobalSection(ExtensibilityGlobals) = postSolution
		SolutionGuid = {9F2CDE16-EBCC-4AC3-BB8B-BDBCCA5CF212}
	EndGlobalSection
EndGlobal
