
Microsoft Visual Studio Solution File, Format Version 12.00
# Visual Studio Version 16
VisualStudioVersion = 16.0.29709.97
MinimumVisualStudioVersion = 10.0.40219.1
Project("{FAE04EC0-301F-11D3-BF4B-00C04F79EFBC}") = "EsSQLTrigger08", "EsSQLTrigger08\EsSQLTrigger08.csproj", "{B9F272EA-F5A1-4D5D-9699-BE2553DC9144}"
EndProject
Global
	GlobalSection(SolutionConfigurationPlatforms) = preSolution
		Debug|Any CPU = Debug|Any CPU
		Release|Any CPU = Release|Any CPU
	EndGlobalSection
	GlobalSection(ProjectConfigurationPlatforms) = postSolution
		{B9F272EA-F5A1-4D5D-9699-BE2553DC9144}.Debug|Any CPU.ActiveCfg = Debug|Any CPU
		{B9F272EA-F5A1-4D5D-9699-BE2553DC9144}.Debug|Any CPU.Build.0 = Debug|Any CPU
		{B9F272EA-F5A1-4D5D-9699-BE2553DC9144}.Release|Any CPU.ActiveCfg = Release|Any CPU
		{B9F272EA-F5A1-4D5D-9699-BE2553DC9144}.Release|Any CPU.Build.0 = Release|Any CPU
	EndGlobalSection
	GlobalSection(SolutionProperties) = preSolution
		HideSolutionNode = FALSE
	EndGlobalSection
	GlobalSection(ExtensibilityGlobals) = postSolution
		SolutionGuid = {C18F1843-EB9D-489F-845F-9CC33717BD7E}
	EndGlobalSection
EndGlobal
