
Microsoft Visual Studio Solution File, Format Version 12.00
# Visual Studio Version 16
VisualStudioVersion = 16.0.29709.97
MinimumVisualStudioVersion = 10.0.40219.1
Project("{FAE04EC0-301F-11D3-BF4B-00C04F79EFBC}") = "Ese03Sql", "Ese03Sql\Ese03Sql.csproj", "{0FA5D447-5DC3-4AFC-8808-E4DD2AC03380}"
EndProject
Global
	GlobalSection(SolutionConfigurationPlatforms) = preSolution
		Debug|Any CPU = Debug|Any CPU
		Release|Any CPU = Release|Any CPU
	EndGlobalSection
	GlobalSection(ProjectConfigurationPlatforms) = postSolution
		{0FA5D447-5DC3-4AFC-8808-E4DD2AC03380}.Debug|Any CPU.ActiveCfg = Debug|Any CPU
		{0FA5D447-5DC3-4AFC-8808-E4DD2AC03380}.Debug|Any CPU.Build.0 = Debug|Any CPU
		{0FA5D447-5DC3-4AFC-8808-E4DD2AC03380}.Release|Any CPU.ActiveCfg = Release|Any CPU
		{0FA5D447-5DC3-4AFC-8808-E4DD2AC03380}.Release|Any CPU.Build.0 = Release|Any CPU
	EndGlobalSection
	GlobalSection(SolutionProperties) = preSolution
		HideSolutionNode = FALSE
	EndGlobalSection
	GlobalSection(ExtensibilityGlobals) = postSolution
		SolutionGuid = {355366D0-0981-4B63-A007-800F5994B3A1}
	EndGlobalSection
EndGlobal
